// !$*UTF8*$!
{
	archiveVersion = 1;
	classes = {
	};
	objectVersion = 50;
	objects = {

/* Begin PBXBuildFile section */
		4CBCD73585BA95E28BEA9084 /* Pods_UalaTechEx.framework in Frameworks */ = {isa = PBXBuildFile; fileRef = ACADEAD7145608CA1B16DE71 /* Pods_UalaTechEx.framework */; };
		A740378E21CFD616F8D1B57E /* Pods_UalaTechExTests.framework in Frameworks */ = {isa = PBXBuildFile; fileRef = E73D8ACF41892391B05AB38A /* Pods_UalaTechExTests.framework */; };
		CAD1C74C2415828F00F096C0 /* AppDelegate.swift in Sources */ = {isa = PBXBuildFile; fileRef = CAD1C74B2415828F00F096C0 /* AppDelegate.swift */; };
		CAD1C7512415828F00F096C0 /* Main.storyboard in Resources */ = {isa = PBXBuildFile; fileRef = CAD1C74F2415828F00F096C0 /* Main.storyboard */; };
		CAD1C7532415829100F096C0 /* Assets.xcassets in Resources */ = {isa = PBXBuildFile; fileRef = CAD1C7522415829100F096C0 /* Assets.xcassets */; };
		CAD1C7562415829100F096C0 /* LaunchScreen.storyboard in Resources */ = {isa = PBXBuildFile; fileRef = CAD1C7542415829100F096C0 /* LaunchScreen.storyboard */; };
		CAD1C7612415829100F096C0 /* UalaTechExTests.swift in Sources */ = {isa = PBXBuildFile; fileRef = CAD1C7602415829100F096C0 /* UalaTechExTests.swift */; };
		CAD1C76C241587E500F096C0 /* Book.swift in Sources */ = {isa = PBXBuildFile; fileRef = CAD1C76B241587E400F096C0 /* Book.swift */; };
		CAD1C76F2415899500F096C0 /* HomeViewController.swift in Sources */ = {isa = PBXBuildFile; fileRef = CAD1C76D2415899500F096C0 /* HomeViewController.swift */; };
		CAD1C7702415899500F096C0 /* HomeViewController.xib in Resources */ = {isa = PBXBuildFile; fileRef = CAD1C76E2415899500F096C0 /* HomeViewController.xib */; };
		CAD1C772241589E500F096C0 /* UalaProvider.swift in Sources */ = {isa = PBXBuildFile; fileRef = CAD1C771241589E500F096C0 /* UalaProvider.swift */; };
		CAD1C77424158D3300F096C0 /* HomeViewModel.swift in Sources */ = {isa = PBXBuildFile; fileRef = CAD1C77324158D3300F096C0 /* HomeViewModel.swift */; };
		CAD1C77B24158F1000F096C0 /* BookTableViewCell.swift in Sources */ = {isa = PBXBuildFile; fileRef = CAD1C77924158F1000F096C0 /* BookTableViewCell.swift */; };
		CAD1C77C24158F1000F096C0 /* BookTableViewCell.xib in Resources */ = {isa = PBXBuildFile; fileRef = CAD1C77A24158F1000F096C0 /* BookTableViewCell.xib */; };
		CAD1C77E2415903300F096C0 /* HomeRouter.swift in Sources */ = {isa = PBXBuildFile; fileRef = CAD1C77D2415903300F096C0 /* HomeRouter.swift */; };
		CAD1C7862415986A00F096C0 /* BookViewModel.swift in Sources */ = {isa = PBXBuildFile; fileRef = CAD1C7852415986A00F096C0 /* BookViewModel.swift */; };
		CAD1C78A24159CD500F096C0 /* DetailViewController.swift in Sources */ = {isa = PBXBuildFile; fileRef = CAD1C78824159CD500F096C0 /* DetailViewController.swift */; };
		CAD1C78B24159CD500F096C0 /* DetailViewController.xib in Resources */ = {isa = PBXBuildFile; fileRef = CAD1C78924159CD500F096C0 /* DetailViewController.xib */; };
		CAD1C78D24159CE400F096C0 /* DetailViewModel.swift in Sources */ = {isa = PBXBuildFile; fileRef = CAD1C78C24159CE400F096C0 /* DetailViewModel.swift */; };
		CAD1C79024159E7800F096C0 /* Spinner.swift in Sources */ = {isa = PBXBuildFile; fileRef = CAD1C78F24159E7800F096C0 /* Spinner.swift */; };
/* End PBXBuildFile section */

/* Begin PBXContainerItemProxy section */
		CAD1C75D2415829100F096C0 /* PBXContainerItemProxy */ = {
			isa = PBXContainerItemProxy;
			containerPortal = CAD1C7402415828F00F096C0 /* Project object */;
			proxyType = 1;
			remoteGlobalIDString = CAD1C7472415828F00F096C0;
			remoteInfo = UalaTechEx;
		};
/* End PBXContainerItemProxy section */

/* Begin PBXFileReference section */
		1F61AD404B0ED3B0CC132D22 /* Pods-UalaTechExTests.debug.xcconfig */ = {isa = PBXFileReference; includeInIndex = 1; lastKnownFileType = text.xcconfig; name = "Pods-UalaTechExTests.debug.xcconfig"; path = "Pods/Target Support Files/Pods-UalaTechExTests/Pods-UalaTechExTests.debug.xcconfig"; sourceTree = "<group>"; };
		2CF0982513AE3B443D77BE98 /* Pods-UalaTechExTests.release.xcconfig */ = {isa = PBXFileReference; includeInIndex = 1; lastKnownFileType = text.xcconfig; name = "Pods-UalaTechExTests.release.xcconfig"; path = "Pods/Target Support Files/Pods-UalaTechExTests/Pods-UalaTechExTests.release.xcconfig"; sourceTree = "<group>"; };
		ACADEAD7145608CA1B16DE71 /* Pods_UalaTechEx.framework */ = {isa = PBXFileReference; explicitFileType = wrapper.framework; includeInIndex = 0; path = Pods_UalaTechEx.framework; sourceTree = BUILT_PRODUCTS_DIR; };
		AF6797D09C0A655C5597BF38 /* Pods-UalaTechEx.debug.xcconfig */ = {isa = PBXFileReference; includeInIndex = 1; lastKnownFileType = text.xcconfig; name = "Pods-UalaTechEx.debug.xcconfig"; path = "Pods/Target Support Files/Pods-UalaTechEx/Pods-UalaTechEx.debug.xcconfig"; sourceTree = "<group>"; };
		CAD1C7482415828F00F096C0 /* UalaTechEx.app */ = {isa = PBXFileReference; explicitFileType = wrapper.application; includeInIndex = 0; path = UalaTechEx.app; sourceTree = BUILT_PRODUCTS_DIR; };
		CAD1C74B2415828F00F096C0 /* AppDelegate.swift */ = {isa = PBXFileReference; lastKnownFileType = sourcecode.swift; path = AppDelegate.swift; sourceTree = "<group>"; };
		CAD1C7502415828F00F096C0 /* Base */ = {isa = PBXFileReference; lastKnownFileType = file.storyboard; name = Base; path = Base.lproj/Main.storyboard; sourceTree = "<group>"; };
		CAD1C7522415829100F096C0 /* Assets.xcassets */ = {isa = PBXFileReference; lastKnownFileType = folder.assetcatalog; path = Assets.xcassets; sourceTree = "<group>"; };
		CAD1C7552415829100F096C0 /* Base */ = {isa = PBXFileReference; lastKnownFileType = file.storyboard; name = Base; path = Base.lproj/LaunchScreen.storyboard; sourceTree = "<group>"; };
		CAD1C7572415829100F096C0 /* Info.plist */ = {isa = PBXFileReference; lastKnownFileType = text.plist.xml; path = Info.plist; sourceTree = "<group>"; };
		CAD1C75C2415829100F096C0 /* UalaTechExTests.xctest */ = {isa = PBXFileReference; explicitFileType = wrapper.cfbundle; includeInIndex = 0; path = UalaTechExTests.xctest; sourceTree = BUILT_PRODUCTS_DIR; };
		CAD1C7602415829100F096C0 /* UalaTechExTests.swift */ = {isa = PBXFileReference; lastKnownFileType = sourcecode.swift; path = UalaTechExTests.swift; sourceTree = "<group>"; };
		CAD1C7622415829100F096C0 /* Info.plist */ = {isa = PBXFileReference; lastKnownFileType = text.plist.xml; path = Info.plist; sourceTree = "<group>"; };
		CAD1C76B241587E400F096C0 /* Book.swift */ = {isa = PBXFileReference; lastKnownFileType = sourcecode.swift; path = Book.swift; sourceTree = "<group>"; };
		CAD1C76D2415899500F096C0 /* HomeViewController.swift */ = {isa = PBXFileReference; lastKnownFileType = sourcecode.swift; path = HomeViewController.swift; sourceTree = "<group>"; };
		CAD1C76E2415899500F096C0 /* HomeViewController.xib */ = {isa = PBXFileReference; lastKnownFileType = file.xib; path = HomeViewController.xib; sourceTree = "<group>"; };
		CAD1C771241589E500F096C0 /* UalaProvider.swift */ = {isa = PBXFileReference; lastKnownFileType = sourcecode.swift; path = UalaProvider.swift; sourceTree = "<group>"; };
		CAD1C77324158D3300F096C0 /* HomeViewModel.swift */ = {isa = PBXFileReference; lastKnownFileType = sourcecode.swift; path = HomeViewModel.swift; sourceTree = "<group>"; };
		CAD1C77924158F1000F096C0 /* BookTableViewCell.swift */ = {isa = PBXFileReference; lastKnownFileType = sourcecode.swift; path = BookTableViewCell.swift; sourceTree = "<group>"; };
		CAD1C77A24158F1000F096C0 /* BookTableViewCell.xib */ = {isa = PBXFileReference; lastKnownFileType = file.xib; path = BookTableViewCell.xib; sourceTree = "<group>"; };
		CAD1C77D2415903300F096C0 /* HomeRouter.swift */ = {isa = PBXFileReference; lastKnownFileType = sourcecode.swift; path = HomeRouter.swift; sourceTree = "<group>"; };
		CAD1C7852415986A00F096C0 /* BookViewModel.swift */ = {isa = PBXFileReference; lastKnownFileType = sourcecode.swift; path = BookViewModel.swift; sourceTree = "<group>"; };
		CAD1C78824159CD500F096C0 /* DetailViewController.swift */ = {isa = PBXFileReference; lastKnownFileType = sourcecode.swift; path = DetailViewController.swift; sourceTree = "<group>"; };
		CAD1C78924159CD500F096C0 /* DetailViewController.xib */ = {isa = PBXFileReference; lastKnownFileType = file.xib; path = DetailViewController.xib; sourceTree = "<group>"; };
		CAD1C78C24159CE400F096C0 /* DetailViewModel.swift */ = {isa = PBXFileReference; lastKnownFileType = sourcecode.swift; path = DetailViewModel.swift; sourceTree = "<group>"; };
		CAD1C78F24159E7800F096C0 /* Spinner.swift */ = {isa = PBXFileReference; lastKnownFileType = sourcecode.swift; path = Spinner.swift; sourceTree = "<group>"; };
		E3A7C88D54E3E11B8BE789AC /* Pods-UalaTechEx.release.xcconfig */ = {isa = PBXFileReference; includeInIndex = 1; lastKnownFileType = text.xcconfig; name = "Pods-UalaTechEx.release.xcconfig"; path = "Pods/Target Support Files/Pods-UalaTechEx/Pods-UalaTechEx.release.xcconfig"; sourceTree = "<group>"; };
		E73D8ACF41892391B05AB38A /* Pods_UalaTechExTests.framework */ = {isa = PBXFileReference; explicitFileType = wrapper.framework; includeInIndex = 0; path = Pods_UalaTechExTests.framework; sourceTree = BUILT_PRODUCTS_DIR; };
/* End PBXFileReference section */

/* Begin PBXFrameworksBuildPhase section */
		CAD1C7452415828F00F096C0 /* Frameworks */ = {
			isa = PBXFrameworksBuildPhase;
			buildActionMask = 2147483647;
			files = (
				4CBCD73585BA95E28BEA9084 /* Pods_UalaTechEx.framework in Frameworks */,
			);
			runOnlyForDeploymentPostprocessing = 0;
		};
		CAD1C7592415829100F096C0 /* Frameworks */ = {
			isa = PBXFrameworksBuildPhase;
			buildActionMask = 2147483647;
			files = (
				A740378E21CFD616F8D1B57E /* Pods_UalaTechExTests.framework in Frameworks */,
			);
			runOnlyForDeploymentPostprocessing = 0;
		};
/* End PBXFrameworksBuildPhase section */

/* Begin PBXGroup section */
		24EB53F77415DC12DC0C9526 /* Frameworks */ = {
			isa = PBXGroup;
			children = (
				ACADEAD7145608CA1B16DE71 /* Pods_UalaTechEx.framework */,
				E73D8ACF41892391B05AB38A /* Pods_UalaTechExTests.framework */,
			);
			name = Frameworks;
			sourceTree = "<group>";
		};
		6488C0B8E88544BE92DAA548 /* Pods */ = {
			isa = PBXGroup;
			children = (
				AF6797D09C0A655C5597BF38 /* Pods-UalaTechEx.debug.xcconfig */,
				E3A7C88D54E3E11B8BE789AC /* Pods-UalaTechEx.release.xcconfig */,
				1F61AD404B0ED3B0CC132D22 /* Pods-UalaTechExTests.debug.xcconfig */,
				2CF0982513AE3B443D77BE98 /* Pods-UalaTechExTests.release.xcconfig */,
			);
			name = Pods;
			sourceTree = "<group>";
		};
		CAD1C73F2415828F00F096C0 = {
			isa = PBXGroup;
			children = (
				CAD1C74A2415828F00F096C0 /* UalaTechEx */,
				CAD1C75F2415829100F096C0 /* UalaTechExTests */,
				CAD1C7492415828F00F096C0 /* Products */,
				6488C0B8E88544BE92DAA548 /* Pods */,
				24EB53F77415DC12DC0C9526 /* Frameworks */,
			);
			sourceTree = "<group>";
		};
		CAD1C7492415828F00F096C0 /* Products */ = {
			isa = PBXGroup;
			children = (
				CAD1C7482415828F00F096C0 /* UalaTechEx.app */,
				CAD1C75C2415829100F096C0 /* UalaTechExTests.xctest */,
			);
			name = Products;
			sourceTree = "<group>";
		};
		CAD1C74A2415828F00F096C0 /* UalaTechEx */ = {
			isa = PBXGroup;
			children = (
				CAD1C78E24159E6700F096C0 /* Utils */,
				CAD1C78724159CBE00F096C0 /* Detail */,
				CAD1C7842415985900F096C0 /* Provider */,
				CAD1C7832415984B00F096C0 /* Models */,
				CAD1C77F2415981700F096C0 /* Home */,
				CAD1C74B2415828F00F096C0 /* AppDelegate.swift */,
				CAD1C74F2415828F00F096C0 /* Main.storyboard */,
				CAD1C7522415829100F096C0 /* Assets.xcassets */,
				CAD1C7542415829100F096C0 /* LaunchScreen.storyboard */,
				CAD1C7572415829100F096C0 /* Info.plist */,
			);
			path = UalaTechEx;
			sourceTree = "<group>";
		};
		CAD1C75F2415829100F096C0 /* UalaTechExTests */ = {
			isa = PBXGroup;
			children = (
				CAD1C7602415829100F096C0 /* UalaTechExTests.swift */,
				CAD1C7622415829100F096C0 /* Info.plist */,
			);
			path = UalaTechExTests;
			sourceTree = "<group>";
		};
		CAD1C77F2415981700F096C0 /* Home */ = {
			isa = PBXGroup;
			children = (
				CAD1C7822415984000F096C0 /* Router */,
				CAD1C7812415983300F096C0 /* ViewModels */,
				CAD1C7802415981D00F096C0 /* Views */,
			);
			path = Home;
			sourceTree = "<group>";
		};
		CAD1C7802415981D00F096C0 /* Views */ = {
			isa = PBXGroup;
			children = (
				CAD1C77924158F1000F096C0 /* BookTableViewCell.swift */,
				CAD1C77A24158F1000F096C0 /* BookTableViewCell.xib */,
				CAD1C76D2415899500F096C0 /* HomeViewController.swift */,
				CAD1C76E2415899500F096C0 /* HomeViewController.xib */,
			);
			path = Views;
			sourceTree = "<group>";
		};
		CAD1C7812415983300F096C0 /* ViewModels */ = {
			isa = PBXGroup;
			children = (
				CAD1C77324158D3300F096C0 /* HomeViewModel.swift */,
				CAD1C7852415986A00F096C0 /* BookViewModel.swift */,
			);
			path = ViewModels;
			sourceTree = "<group>";
		};
		CAD1C7822415984000F096C0 /* Router */ = {
			isa = PBXGroup;
			children = (
				CAD1C77D2415903300F096C0 /* HomeRouter.swift */,
			);
			path = Router;
			sourceTree = "<group>";
		};
		CAD1C7832415984B00F096C0 /* Models */ = {
			isa = PBXGroup;
			children = (
				CAD1C76B241587E400F096C0 /* Book.swift */,
			);
			path = Models;
			sourceTree = "<group>";
		};
		CAD1C7842415985900F096C0 /* Provider */ = {
			isa = PBXGroup;
			children = (
				CAD1C771241589E500F096C0 /* UalaProvider.swift */,
			);
			path = Provider;
			sourceTree = "<group>";
		};
		CAD1C78724159CBE00F096C0 /* Detail */ = {
			isa = PBXGroup;
			children = (
				CAD1C78824159CD500F096C0 /* DetailViewController.swift */,
				CAD1C78924159CD500F096C0 /* DetailViewController.xib */,
				CAD1C78C24159CE400F096C0 /* DetailViewModel.swift */,
			);
			path = Detail;
			sourceTree = "<group>";
		};
		CAD1C78E24159E6700F096C0 /* Utils */ = {
			isa = PBXGroup;
			children = (
				CAD1C78F24159E7800F096C0 /* Spinner.swift */,
			);
			path = Utils;
			sourceTree = "<group>";
		};
/* End PBXGroup section */

/* Begin PBXNativeTarget section */
		CAD1C7472415828F00F096C0 /* UalaTechEx */ = {
			isa = PBXNativeTarget;
			buildConfigurationList = CAD1C7652415829100F096C0 /* Build configuration list for PBXNativeTarget "UalaTechEx" */;
			buildPhases = (
				E3776570FA6299B7D92BEE84 /* [CP] Check Pods Manifest.lock */,
				CAD1C7442415828F00F096C0 /* Sources */,
				CAD1C7452415828F00F096C0 /* Frameworks */,
				CAD1C7462415828F00F096C0 /* Resources */,
				B160860D0853F2AA15F06EB2 /* [CP] Embed Pods Frameworks */,
			);
			buildRules = (
			);
			dependencies = (
			);
			name = UalaTechEx;
			productName = UalaTechEx;
			productReference = CAD1C7482415828F00F096C0 /* UalaTechEx.app */;
			productType = "com.apple.product-type.application";
		};
		CAD1C75B2415829100F096C0 /* UalaTechExTests */ = {
			isa = PBXNativeTarget;
			buildConfigurationList = CAD1C7682415829100F096C0 /* Build configuration list for PBXNativeTarget "UalaTechExTests" */;
			buildPhases = (
				C70492C4B3E33684615EF0A6 /* [CP] Check Pods Manifest.lock */,
				CAD1C7582415829100F096C0 /* Sources */,
				CAD1C7592415829100F096C0 /* Frameworks */,
				CAD1C75A2415829100F096C0 /* Resources */,
			);
			buildRules = (
			);
			dependencies = (
				CAD1C75E2415829100F096C0 /* PBXTargetDependency */,
			);
			name = UalaTechExTests;
			productName = UalaTechExTests;
			productReference = CAD1C75C2415829100F096C0 /* UalaTechExTests.xctest */;
			productType = "com.apple.product-type.bundle.unit-test";
		};
/* End PBXNativeTarget section */

/* Begin PBXProject section */
		CAD1C7402415828F00F096C0 /* Project object */ = {
			isa = PBXProject;
			attributes = {
				LastSwiftUpdateCheck = 1010;
				LastUpgradeCheck = 1010;
				ORGANIZATIONNAME = "Federico Flores";
				TargetAttributes = {
					CAD1C7472415828F00F096C0 = {
						CreatedOnToolsVersion = 10.1;
					};
					CAD1C75B2415829100F096C0 = {
						CreatedOnToolsVersion = 10.1;
						TestTargetID = CAD1C7472415828F00F096C0;
					};
				};
			};
			buildConfigurationList = CAD1C7432415828F00F096C0 /* Build configuration list for PBXProject "UalaTechEx" */;
			compatibilityVersion = "Xcode 9.3";
			developmentRegion = en;
			hasScannedForEncodings = 0;
			knownRegions = (
				en,
				Base,
			);
			mainGroup = CAD1C73F2415828F00F096C0;
			productRefGroup = CAD1C7492415828F00F096C0 /* Products */;
			projectDirPath = "";
			projectRoot = "";
			targets = (
				CAD1C7472415828F00F096C0 /* UalaTechEx */,
				CAD1C75B2415829100F096C0 /* UalaTechExTests */,
			);
		};
/* End PBXProject section */

/* Begin PBXResourcesBuildPhase section */
		CAD1C7462415828F00F096C0 /* Resources */ = {
			isa = PBXResourcesBuildPhase;
			buildActionMask = 2147483647;
			files = (
				CAD1C7562415829100F096C0 /* LaunchScreen.storyboard in Resources */,
				CAD1C78B24159CD500F096C0 /* DetailViewController.xib in Resources */,
				CAD1C7532415829100F096C0 /* Assets.xcassets in Resources */,
				CAD1C7512415828F00F096C0 /* Main.storyboard in Resources */,
				CAD1C7702415899500F096C0 /* HomeViewController.xib in Resources */,
				CAD1C77C24158F1000F096C0 /* BookTableViewCell.xib in Resources */,
			);
			runOnlyForDeploymentPostprocessing = 0;
		};
		CAD1C75A2415829100F096C0 /* Resources */ = {
			isa = PBXResourcesBuildPhase;
			buildActionMask = 2147483647;
			files = (
			);
			runOnlyForDeploymentPostprocessing = 0;
		};
/* End PBXResourcesBuildPhase section */

/* Begin PBXShellScriptBuildPhase section */
		B160860D0853F2AA15F06EB2 /* [CP] Embed Pods Frameworks */ = {
			isa = PBXShellScriptBuildPhase;
			buildActionMask = 2147483647;
			files = (
			);
			inputFileListPaths = (
			);
			inputPaths = (
				"${SRCROOT}/Pods/Target Support Files/Pods-UalaTechEx/Pods-UalaTechEx-frameworks.sh",
				"${BUILT_PRODUCTS_DIR}/Alamofire/Alamofire.framework",
				"${BUILT_PRODUCTS_DIR}/Kingfisher/Kingfisher.framework",
			);
			name = "[CP] Embed Pods Frameworks";
			outputFileListPaths = (
			);
			outputPaths = (
				"${TARGET_BUILD_DIR}/${FRAMEWORKS_FOLDER_PATH}/Alamofire.framework",
				"${TARGET_BUILD_DIR}/${FRAMEWORKS_FOLDER_PATH}/Kingfisher.framework",
			);
			runOnlyForDeploymentPostprocessing = 0;
			shellPath = /bin/sh;
			shellScript = "\"${SRCROOT}/Pods/Target Support Files/Pods-UalaTechEx/Pods-UalaTechEx-frameworks.sh\"\n";
			showEnvVarsInLog = 0;
		};
		C70492C4B3E33684615EF0A6 /* [CP] Check Pods Manifest.lock */ = {
			isa = PBXShellScriptBuildPhase;
			buildActionMask = 2147483647;
			files = (
			);
			inputFileListPaths = (
			);
			inputPaths = (
				"${PODS_PODFILE_DIR_PATH}/Podfile.lock",
				"${PODS_ROOT}/Manifest.lock",
			);
			name = "[CP] Check Pods Manifest.lock";
			outputFileListPaths = (
			);
			outputPaths = (
				"$(DERIVED_FILE_DIR)/Pods-UalaTechExTests-checkManifestLockResult.txt",
			);
			runOnlyForDeploymentPostprocessing = 0;
			shellPath = /bin/sh;
			shellScript = "diff \"${PODS_PODFILE_DIR_PATH}/Podfile.lock\" \"${PODS_ROOT}/Manifest.lock\" > /dev/null\nif [ $? != 0 ] ; then\n    # print error to STDERR\n    echo \"error: The sandbox is not in sync with the Podfile.lock. Run 'pod install' or update your CocoaPods installation.\" >&2\n    exit 1\nfi\n# This output is used by Xcode 'outputs' to avoid re-running this script phase.\necho \"SUCCESS\" > \"${SCRIPT_OUTPUT_FILE_0}\"\n";
			showEnvVarsInLog = 0;
		};
		E3776570FA6299B7D92BEE84 /* [CP] Check Pods Manifest.lock */ = {
			isa = PBXShellScriptBuildPhase;
			buildActionMask = 2147483647;
			files = (
			);
			inputFileListPaths = (
			);
			inputPaths = (
				"${PODS_PODFILE_DIR_PATH}/Podfile.lock",
				"${PODS_ROOT}/Manifest.lock",
			);
			name = "[CP] Check Pods Manifest.lock";
			outputFileListPaths = (
			);
			outputPaths = (
				"$(DERIVED_FILE_DIR)/Pods-UalaTechEx-checkManifestLockResult.txt",
			);
			runOnlyForDeploymentPostprocessing = 0;
			shellPath = /bin/sh;
			shellScript = "diff \"${PODS_PODFILE_DIR_PATH}/Podfile.lock\" \"${PODS_ROOT}/Manifest.lock\" > /dev/null\nif [ $? != 0 ] ; then\n    # print error to STDERR\n    echo \"error: The sandbox is not in sync with the Podfile.lock. Run 'pod install' or update your CocoaPods installation.\" >&2\n    exit 1\nfi\n# This output is used by Xcode 'outputs' to avoid re-running this script phase.\necho \"SUCCESS\" > \"${SCRIPT_OUTPUT_FILE_0}\"\n";
			showEnvVarsInLog = 0;
		};
/* End PBXShellScriptBuildPhase section */

/* Begin PBXSourcesBuildPhase section */
		CAD1C7442415828F00F096C0 /* Sources */ = {
			isa = PBXSourcesBuildPhase;
			buildActionMask = 2147483647;
			files = (
				CAD1C79024159E7800F096C0 /* Spinner.swift in Sources */,
				CAD1C78A24159CD500F096C0 /* DetailViewController.swift in Sources */,
				CAD1C74C2415828F00F096C0 /* AppDelegate.swift in Sources */,
				CAD1C76C241587E500F096C0 /* Book.swift in Sources */,
				CAD1C78D24159CE400F096C0 /* DetailViewModel.swift in Sources */,
				CAD1C77E2415903300F096C0 /* HomeRouter.swift in Sources */,
				CAD1C76F2415899500F096C0 /* HomeViewController.swift in Sources */,
				CAD1C77424158D3300F096C0 /* HomeViewModel.swift in Sources */,
				CAD1C7862415986A00F096C0 /* BookViewModel.swift in Sources */,
				CAD1C77B24158F1000F096C0 /* BookTableViewCell.swift in Sources */,
				CAD1C772241589E500F096C0 /* UalaProvider.swift in Sources */,
			);
			runOnlyForDeploymentPostprocessing = 0;
		};
		CAD1C7582415829100F096C0 /* Sources */ = {
			isa = PBXSourcesBuildPhase;
			buildActionMask = 2147483647;
			files = (
				CAD1C7612415829100F096C0 /* UalaTechExTests.swift in Sources */,
			);
			runOnlyForDeploymentPostprocessing = 0;
		};
/* End PBXSourcesBuildPhase section */

/* Begin PBXTargetDependency section */
		CAD1C75E2415829100F096C0 /* PBXTargetDependency */ = {
			isa = PBXTargetDependency;
			target = CAD1C7472415828F00F096C0 /* UalaTechEx */;
			targetProxy = CAD1C75D2415829100F096C0 /* PBXContainerItemProxy */;
		};
/* End PBXTargetDependency section */

/* Begin PBXVariantGroup section */
		CAD1C74F2415828F00F096C0 /* Main.storyboard */ = {
			isa = PBXVariantGroup;
			children = (
				CAD1C7502415828F00F096C0 /* Base */,
			);
			name = Main.storyboard;
			sourceTree = "<group>";
		};
		CAD1C7542415829100F096C0 /* LaunchScreen.storyboard */ = {
			isa = PBXVariantGroup;
			children = (
				CAD1C7552415829100F096C0 /* Base */,
			);
			name = LaunchScreen.storyboard;
			sourceTree = "<group>";
		};
/* End PBXVariantGroup section */

/* Begin XCBuildConfiguration section */
		CAD1C7632415829100F096C0 /* Debug */ = {
			isa = XCBuildConfiguration;
			buildSettings = {
				ALWAYS_SEARCH_USER_PATHS = NO;
				CLANG_ANALYZER_NONNULL = YES;
				CLANG_ANALYZER_NUMBER_OBJECT_CONVERSION = YES_AGGRESSIVE;
				CLANG_CXX_LANGUAGE_STANDARD = "gnu++14";
				CLANG_CXX_LIBRARY = "libc++";
				CLANG_ENABLE_MODULES = YES;
				CLANG_ENABLE_OBJC_ARC = YES;
				CLANG_ENABLE_OBJC_WEAK = YES;
				CLANG_WARN_BLOCK_CAPTURE_AUTORELEASING = YES;
				CLANG_WARN_BOOL_CONVERSION = YES;
				CLANG_WARN_COMMA = YES;
				CLANG_WARN_CONSTANT_CONVERSION = YES;
				CLANG_WARN_DEPRECATED_OBJC_IMPLEMENTATIONS = YES;
				CLANG_WARN_DIRECT_OBJC_ISA_USAGE = YES_ERROR;
				CLANG_WARN_DOCUMENTATION_COMMENTS = YES;
				CLANG_WARN_EMPTY_BODY = YES;
				CLANG_WARN_ENUM_CONVERSION = YES;
				CLANG_WARN_INFINITE_RECURSION = YES;
				CLANG_WARN_INT_CONVERSION = YES;
				CLANG_WARN_NON_LITERAL_NULL_CONVERSION = YES;
				CLANG_WARN_OBJC_IMPLICIT_RETAIN_SELF = YES;
				CLANG_WARN_OBJC_LITERAL_CONVERSION = YES;
				CLANG_WARN_OBJC_ROOT_CLASS = YES_ERROR;
				CLANG_WARN_RANGE_LOOP_ANALYSIS = YES;
				CLANG_WARN_STRICT_PROTOTYPES = YES;
				CLANG_WARN_SUSPICIOUS_MOVE = YES;
				CLANG_WARN_UNGUARDED_AVAILABILITY = YES_AGGRESSIVE;
				CLANG_WARN_UNREACHABLE_CODE = YES;
				CLANG_WARN__DUPLICATE_METHOD_MATCH = YES;
				CODE_SIGN_IDENTITY = "iPhone Developer";
				COPY_PHASE_STRIP = NO;
				DEBUG_INFORMATION_FORMAT = dwarf;
				ENABLE_STRICT_OBJC_MSGSEND = YES;
				ENABLE_TESTABILITY = YES;
				GCC_C_LANGUAGE_STANDARD = gnu11;
				GCC_DYNAMIC_NO_PIC = NO;
				GCC_NO_COMMON_BLOCKS = YES;
				GCC_OPTIMIZATION_LEVEL = 0;
				GCC_PREPROCESSOR_DEFINITIONS = (
					"DEBUG=1",
					"$(inherited)",
				);
				GCC_WARN_64_TO_32_BIT_CONVERSION = YES;
				GCC_WARN_ABOUT_RETURN_TYPE = YES_ERROR;
				GCC_WARN_UNDECLARED_SELECTOR = YES;
				GCC_WARN_UNINITIALIZED_AUTOS = YES_AGGRESSIVE;
				GCC_WARN_UNUSED_FUNCTION = YES;
				GCC_WARN_UNUSED_VARIABLE = YES;
				IPHONEOS_DEPLOYMENT_TARGET = 12.1;
				MTL_ENABLE_DEBUG_INFO = INCLUDE_SOURCE;
				MTL_FAST_MATH = YES;
				ONLY_ACTIVE_ARCH = YES;
				SDKROOT = iphoneos;
				SWIFT_ACTIVE_COMPILATION_CONDITIONS = DEBUG;
				SWIFT_OPTIMIZATION_LEVEL = "-Onone";
			};
			name = Debug;
		};
		CAD1C7642415829100F096C0 /* Release */ = {
			isa = XCBuildConfiguration;
			buildSettings = {
				ALWAYS_SEARCH_USER_PATHS = NO;
				CLANG_ANALYZER_NONNULL = YES;
				CLANG_ANALYZER_NUMBER_OBJECT_CONVERSION = YES_AGGRESSIVE;
				CLANG_CXX_LANGUAGE_STANDARD = "gnu++14";
				CLANG_CXX_LIBRARY = "libc++";
				CLANG_ENABLE_MODULES = YES;
				CLANG_ENABLE_OBJC_ARC = YES;
				CLANG_ENABLE_OBJC_WEAK = YES;
				CLANG_WARN_BLOCK_CAPTURE_AUTORELEASING = YES;
				CLANG_WARN_BOOL_CONVERSION = YES;
				CLANG_WARN_COMMA = YES;
				CLANG_WARN_CONSTANT_CONVERSION = YES;
				CLANG_WARN_DEPRECATED_OBJC_IMPLEMENTATIONS = YES;
				CLANG_WARN_DIRECT_OBJC_ISA_USAGE = YES_ERROR;
				CLANG_WARN_DOCUMENTATION_COMMENTS = YES;
				CLANG_WARN_EMPTY_BODY = YES;
				CLANG_WARN_ENUM_CONVERSION = YES;
				CLANG_WARN_INFINITE_RECURSION = YES;
				CLANG_WARN_INT_CONVERSION = YES;
				CLANG_WARN_NON_LITERAL_NULL_CONVERSION = YES;
				CLANG_WARN_OBJC_IMPLICIT_RETAIN_SELF = YES;
				CLANG_WARN_OBJC_LITERAL_CONVERSION = YES;
				CLANG_WARN_OBJC_ROOT_CLASS = YES_ERROR;
				CLANG_WARN_RANGE_LOOP_ANALYSIS = YES;
				CLANG_WARN_STRICT_PROTOTYPES = YES;
				CLANG_WARN_SUSPICIOUS_MOVE = YES;
				CLANG_WARN_UNGUARDED_AVAILABILITY = YES_AGGRESSIVE;
				CLANG_WARN_UNREACHABLE_CODE = YES;
				CLANG_WARN__DUPLICATE_METHOD_MATCH = YES;
				CODE_SIGN_IDENTITY = "iPhone Developer";
				COPY_PHASE_STRIP = NO;
				DEBUG_INFORMATION_FORMAT = "dwarf-with-dsym";
				ENABLE_NS_ASSERTIONS = NO;
				ENABLE_STRICT_OBJC_MSGSEND = YES;
				GCC_C_LANGUAGE_STANDARD = gnu11;
				GCC_NO_COMMON_BLOCKS = YES;
				GCC_WARN_64_TO_32_BIT_CONVERSION = YES;
				GCC_WARN_ABOUT_RETURN_TYPE = YES_ERROR;
				GCC_WARN_UNDECLARED_SELECTOR = YES;
				GCC_WARN_UNINITIALIZED_AUTOS = YES_AGGRESSIVE;
				GCC_WARN_UNUSED_FUNCTION = YES;
				GCC_WARN_UNUSED_VARIABLE = YES;
				IPHONEOS_DEPLOYMENT_TARGET = 12.1;
				MTL_ENABLE_DEBUG_INFO = NO;
				MTL_FAST_MATH = YES;
				SDKROOT = iphoneos;
				SWIFT_COMPILATION_MODE = wholemodule;
				SWIFT_OPTIMIZATION_LEVEL = "-O";
				VALIDATE_PRODUCT = YES;
			};
			name = Release;
		};
		CAD1C7662415829100F096C0 /* Debug */ = {
			isa = XCBuildConfiguration;
			baseConfigurationReference = AF6797D09C0A655C5597BF38 /* Pods-UalaTechEx.debug.xcconfig */;
			buildSettings = {
				ASSETCATALOG_COMPILER_APPICON_NAME = AppIcon;
				CODE_SIGN_STYLE = Automatic;
				INFOPLIST_FILE = UalaTechEx/Info.plist;
				LD_RUNPATH_SEARCH_PATHS = (
					"$(inherited)",
					"@executable_path/Frameworks",
				);
				PRODUCT_BUNDLE_IDENTIFIER = flores.federico.UalaTechEx;
				PRODUCT_NAME = "$(TARGET_NAME)";
				SWIFT_VERSION = 4.2;
				TARGETED_DEVICE_FAMILY = "1,2";
			};
			name = Debug;
		};
		CAD1C7672415829100F096C0 /* Release */ = {
			isa = XCBuildConfiguration;
			baseConfigurationReference = E3A7C88D54E3E11B8BE789AC /* Pods-UalaTechEx.release.xcconfig */;
			buildSettings = {
				ASSETCATALOG_COMPILER_APPICON_NAME = AppIcon;
				CODE_SIGN_STYLE = Automatic;
				INFOPLIST_FILE = UalaTechEx/Info.plist;
				LD_RUNPATH_SEARCH_PATHS = (
					"$(inherited)",
					"@executable_path/Frameworks",
				);
				PRODUCT_BUNDLE_IDENTIFIER = flores.federico.UalaTechEx;
				PRODUCT_NAME = "$(TARGET_NAME)";
				SWIFT_VERSION = 4.2;
				TARGETED_DEVICE_FAMILY = "1,2";
			};
			name = Release;
		};
		CAD1C7692415829100F096C0 /* Debug */ = {
			isa = XCBuildConfiguration;
			baseConfigurationReference = 1F61AD404B0ED3B0CC132D22 /* Pods-UalaTechExTests.debug.xcconfig */;
			buildSettings = {
				ALWAYS_EMBED_SWIFT_STANDARD_LIBRARIES = YES;
				BUNDLE_LOADER = "$(TEST_HOST)";
				CODE_SIGN_STYLE = Automatic;
				INFOPLIST_FILE = UalaTechExTests/Info.plist;
				LD_RUNPATH_SEARCH_PATHS = (
					"$(inherited)",
					"@executable_path/Frameworks",
					"@loader_path/Frameworks",
				);
				PRODUCT_BUNDLE_IDENTIFIER = flores.federico.UalaTechExTests;
				PRODUCT_NAME = "$(TARGET_NAME)";
				SWIFT_VERSION = 4.2;
				TARGETED_DEVICE_FAMILY = "1,2";
				TEST_HOST = "$(BUILT_PRODUCTS_DIR)/UalaTechEx.app/UalaTechEx";
			};
			name = Debug;
		};
		CAD1C76A2415829100F096C0 /* Release */ = {
			isa = XCBuildConfiguration;
			baseConfigurationReference = 2CF0982513AE3B443D77BE98 /* Pods-UalaTechExTests.release.xcconfig */;
			buildSettings = {
				ALWAYS_EMBED_SWIFT_STANDARD_LIBRARIES = YES;
				BUNDLE_LOADER = "$(TEST_HOST)";
				CODE_SIGN_STYLE = Automatic;
				INFOPLIST_FILE = UalaTechExTests/Info.plist;
				LD_RUNPATH_SEARCH_PATHS = (
					"$(inherited)",
					"@executable_path/Frameworks",
					"@loader_path/Frameworks",
				);
				PRODUCT_BUNDLE_IDENTIFIER = flores.federico.UalaTechExTests;
				PRODUCT_NAME = "$(TARGET_NAME)";
				SWIFT_VERSION = 4.2;
				TARGETED_DEVICE_FAMILY = "1,2";
				TEST_HOST = "$(BUILT_PRODUCTS_DIR)/UalaTechEx.app/UalaTechEx";
			};
			name = Release;
		};
/* End XCBuildConfiguration section */

/* Begin XCConfigurationList section */
		CAD1C7432415828F00F096C0 /* Build configuration list for PBXProject "UalaTechEx" */ = {
			isa = XCConfigurationList;
			buildConfigurations = (
				CAD1C7632415829100F096C0 /* Debug */,
				CAD1C7642415829100F096C0 /* Release */,
			);
			defaultConfigurationIsVisible = 0;
			defaultConfigurationName = Release;
		};
		CAD1C7652415829100F096C0 /* Build configuration list for PBXNativeTarget "UalaTechEx" */ = {
			isa = XCConfigurationList;
			buildConfigurations = (
				CAD1C7662415829100F096C0 /* Debug */,
				CAD1C7672415829100F096C0 /* Release */,
			);
			defaultConfigurationIsVisible = 0;
			defaultConfigurationName = Release;
		};
		CAD1C7682415829100F096C0 /* Build configuration list for PBXNativeTarget "UalaTechExTests" */ = {
			isa = XCConfigurationList;
			buildConfigurations = (
				CAD1C7692415829100F096C0 /* Debug */,
				CAD1C76A2415829100F096C0 /* Release */,
			);
			defaultConfigurationIsVisible = 0;
			defaultConfigurationName = Release;
		};
/* End XCConfigurationList section */
	};
	rootObject = CAD1C7402415828F00F096C0 /* Project object */;
}
